
Microsoft Visual Studio Solution File, Format Version 12.00
# Visual Studio 15
Project("{FAE04EC0-301F-11D3-BF4B-00C04F79EFBC}") = "BestHTTP", "BestHTTP.csproj", "{7959EB7E-0940-3875-E2C7-753B905E5802}"
EndProject
Project("{FAE04EC0-301F-11D3-BF4B-00C04F79EFBC}") = "Assembly-CSharp", "Assembly-CSharp.csproj", "{592BC38D-E663-F75B-2490-9B2C28C723C4}"
EndProject
Project("{FAE04EC0-301F-11D3-BF4B-00C04F79EFBC}") = "Assembly-CSharp-Editor", "Assembly-CSharp-Editor.csproj", "{61CE7CCC-71DE-FBE9-81FA-914386005B91}"
EndProject
Project("{FAE04EC0-301F-11D3-BF4B-00C04F79EFBC}") = "Assembly-CSharp-firstpass", "Assembly-CSharp-firstpass.csproj", "{28523FDB-9800-5ADE-7695-31002AF7F2A8}"
EndProject
Global
	GlobalSection(SolutionConfigurationPlatforms) = preSolution
		Debug|Any CPU = Debug|Any CPU
		Release|Any CPU = Release|Any CPU
	EndGlobalSection
	GlobalSection(ProjectConfigurationPlatforms) = postSolution
		{7959EB7E-0940-3875-E2C7-753B905E5802}.Debug|Any CPU.ActiveCfg = Debug|Any CPU
		{7959EB7E-0940-3875-E2C7-753B905E5802}.Debug|Any CPU.Build.0 = Debug|Any CPU
		{7959EB7E-0940-3875-E2C7-753B905E5802}.Release|Any CPU.ActiveCfg = Release|Any CPU
		{7959EB7E-0940-3875-E2C7-753B905E5802}.Release|Any CPU.Build.0 = Release|Any CPU
		{592BC38D-E663-F75B-2490-9B2C28C723C4}.Debug|Any CPU.ActiveCfg = Debug|Any CPU
		{592BC38D-E663-F75B-2490-9B2C28C723C4}.Debug|Any CPU.Build.0 = Debug|Any CPU
		{592BC38D-E663-F75B-2490-9B2C28C723C4}.Release|Any CPU.ActiveCfg = Release|Any CPU
		{592BC38D-E663-F75B-2490-9B2C28C723C4}.Release|Any CPU.Build.0 = Release|Any CPU
		{61CE7CCC-71DE-FBE9-81FA-914386005B91}.Debug|Any CPU.ActiveCfg = Debug|Any CPU
		{61CE7CCC-71DE-FBE9-81FA-914386005B91}.Debug|Any CPU.Build.0 = Debug|Any CPU
		{61CE7CCC-71DE-FBE9-81FA-914386005B91}.Release|Any CPU.ActiveCfg = Release|Any CPU
		{61CE7CCC-71DE-FBE9-81FA-914386005B91}.Release|Any CPU.Build.0 = Release|Any CPU
		{28523FDB-9800-5ADE-7695-31002AF7F2A8}.Debug|Any CPU.ActiveCfg = Debug|Any CPU
		{28523FDB-9800-5ADE-7695-31002AF7F2A8}.Debug|Any CPU.Build.0 = Debug|Any CPU
		{28523FDB-9800-5ADE-7695-31002AF7F2A8}.Release|Any CPU.ActiveCfg = Release|Any CPU
		{28523FDB-9800-5ADE-7695-31002AF7F2A8}.Release|Any CPU.Build.0 = Release|Any CPU
	EndGlobalSection
	GlobalSection(SolutionProperties) = preSolution
		HideSolutionNode = FALSE
	EndGlobalSection
EndGlobal
